// !$*UTF8*$!
{
	archiveVersion = 1;
	classes = {
	};
	objectVersion = 50;
	objects = {

/* Begin PBXBuildFile section */
		9DA41C3C2148ABB5001A3F45 /* AppDelegate.swift in Sources */ = {isa = PBXBuildFile; fileRef = 9DA41C3B2148ABB5001A3F45 /* AppDelegate.swift */; };
		9DA41C412148ABB5001A3F45 /* Main.storyboard in Resources */ = {isa = PBXBuildFile; fileRef = 9DA41C3F2148ABB5001A3F45 /* Main.storyboard */; };
		9DA41C432148ABB5001A3F45 /* Assets.xcassets in Resources */ = {isa = PBXBuildFile; fileRef = 9DA41C422148ABB5001A3F45 /* Assets.xcassets */; };
		9DA41C462148ABB5001A3F45 /* LaunchScreen.storyboard in Resources */ = {isa = PBXBuildFile; fileRef = 9DA41C442148ABB5001A3F45 /* LaunchScreen.storyboard */; };
		9DA41C5D2148AC00001A3F45 /* GameViewController.swift in Sources */ = {isa = PBXBuildFile; fileRef = 9DA41C5C2148AC00001A3F45 /* GameViewController.swift */; };
		9DA41C612148AE13001A3F45 /* GameBoard.swift in Sources */ = {isa = PBXBuildFile; fileRef = 9DA41C602148AE13001A3F45 /* GameBoard.swift */; };
		9DA41C672148B945001A3F45 /* GameAI.swift in Sources */ = {isa = PBXBuildFile; fileRef = 9DA41C662148B945001A3F45 /* GameAI.swift */; };
		9DA41C712148DE1B001A3F45 /* BoardViewController.swift in Sources */ = {isa = PBXBuildFile; fileRef = 9DA41C702148DE1B001A3F45 /* BoardViewController.swift */; };
		A29B4674234F90770098D564 /* TicTacToeUITests.swift in Sources */ = {isa = PBXBuildFile; fileRef = A29B4673234F90770098D564 /* TicTacToeUITests.swift */; };
		A29B469123500CD40098D564 /* GameBoardTests.swift in Sources */ = {isa = PBXBuildFile; fileRef = A29B469023500CD40098D564 /* GameBoardTests.swift */; };
		A29B469323504C1E0098D564 /* GameAITests.swift in Sources */ = {isa = PBXBuildFile; fileRef = A29B469223504C1E0098D564 /* GameAITests.swift */; };
/* End PBXBuildFile section */

/* Begin PBXContainerItemProxy section */
		A29B4676234F90770098D564 /* PBXContainerItemProxy */ = {
			isa = PBXContainerItemProxy;
			containerPortal = 9DA41C302148ABB4001A3F45 /* Project object */;
			proxyType = 1;
			remoteGlobalIDString = 9DA41C372148ABB4001A3F45;
			remoteInfo = TicTacToe;
		};
		A29B468B23500B310098D564 /* PBXContainerItemProxy */ = {
			isa = PBXContainerItemProxy;
			containerPortal = 9DA41C302148ABB4001A3F45 /* Project object */;
			proxyType = 1;
			remoteGlobalIDString = 9DA41C372148ABB4001A3F45;
			remoteInfo = TicTacToe;
		};
/* End PBXContainerItemProxy section */

/* Begin PBXFileReference section */
		9DA41C382148ABB4001A3F45 /* TicTacToe.app */ = {isa = PBXFileReference; explicitFileType = wrapper.application; includeInIndex = 0; path = TicTacToe.app; sourceTree = BUILT_PRODUCTS_DIR; };
		9DA41C3B2148ABB5001A3F45 /* AppDelegate.swift */ = {isa = PBXFileReference; lastKnownFileType = sourcecode.swift; path = AppDelegate.swift; sourceTree = "<group>"; };
		9DA41C402148ABB5001A3F45 /* Base */ = {isa = PBXFileReference; lastKnownFileType = file.storyboard; name = Base; path = Base.lproj/Main.storyboard; sourceTree = "<group>"; };
		9DA41C422148ABB5001A3F45 /* Assets.xcassets */ = {isa = PBXFileReference; lastKnownFileType = folder.assetcatalog; path = Assets.xcassets; sourceTree = "<group>"; };
		9DA41C452148ABB5001A3F45 /* Base */ = {isa = PBXFileReference; lastKnownFileType = file.storyboard; name = Base; path = Base.lproj/LaunchScreen.storyboard; sourceTree = "<group>"; };
		9DA41C472148ABB5001A3F45 /* Info.plist */ = {isa = PBXFileReference; lastKnownFileType = text.plist.xml; path = Info.plist; sourceTree = "<group>"; };
		9DA41C5C2148AC00001A3F45 /* GameViewController.swift */ = {isa = PBXFileReference; lastKnownFileType = sourcecode.swift; path = GameViewController.swift; sourceTree = "<group>"; };
		9DA41C602148AE13001A3F45 /* GameBoard.swift */ = {isa = PBXFileReference; lastKnownFileType = sourcecode.swift; path = GameBoard.swift; sourceTree = "<group>"; };
		9DA41C662148B945001A3F45 /* GameAI.swift */ = {isa = PBXFileReference; lastKnownFileType = sourcecode.swift; path = GameAI.swift; sourceTree = "<group>"; };
		9DA41C702148DE1B001A3F45 /* BoardViewController.swift */ = {isa = PBXFileReference; fileEncoding = 4; lastKnownFileType = sourcecode.swift; path = BoardViewController.swift; sourceTree = "<group>"; };
		A29B4671234F90770098D564 /* TicTacToeUITests.xctest */ = {isa = PBXFileReference; explicitFileType = wrapper.cfbundle; includeInIndex = 0; path = TicTacToeUITests.xctest; sourceTree = BUILT_PRODUCTS_DIR; };
		A29B4673234F90770098D564 /* TicTacToeUITests.swift */ = {isa = PBXFileReference; lastKnownFileType = sourcecode.swift; path = TicTacToeUITests.swift; sourceTree = "<group>"; };
		A29B4675234F90770098D564 /* Info.plist */ = {isa = PBXFileReference; lastKnownFileType = text.plist.xml; path = Info.plist; sourceTree = "<group>"; };
		A29B468623500B310098D564 /* TicTacToeTests.xctest */ = {isa = PBXFileReference; explicitFileType = wrapper.cfbundle; includeInIndex = 0; path = TicTacToeTests.xctest; sourceTree = BUILT_PRODUCTS_DIR; };
		A29B468A23500B310098D564 /* Info.plist */ = {isa = PBXFileReference; lastKnownFileType = text.plist.xml; path = Info.plist; sourceTree = "<group>"; };
		A29B469023500CD40098D564 /* GameBoardTests.swift */ = {isa = PBXFileReference; lastKnownFileType = sourcecode.swift; path = GameBoardTests.swift; sourceTree = "<group>"; };
		A29B469223504C1E0098D564 /* GameAITests.swift */ = {isa = PBXFileReference; lastKnownFileType = sourcecode.swift; path = GameAITests.swift; sourceTree = "<group>"; };
/* End PBXFileReference section */

/* Begin PBXFrameworksBuildPhase section */
		9DA41C352148ABB4001A3F45 /* Frameworks */ = {
			isa = PBXFrameworksBuildPhase;
			buildActionMask = 2147483647;
			files = (
			);
			runOnlyForDeploymentPostprocessing = 0;
		};
		A29B466E234F90770098D564 /* Frameworks */ = {
			isa = PBXFrameworksBuildPhase;
			buildActionMask = 2147483647;
			files = (
			);
			runOnlyForDeploymentPostprocessing = 0;
		};
		A29B468323500B310098D564 /* Frameworks */ = {
			isa = PBXFrameworksBuildPhase;
			buildActionMask = 2147483647;
			files = (
			);
			runOnlyForDeploymentPostprocessing = 0;
		};
/* End PBXFrameworksBuildPhase section */

/* Begin PBXGroup section */
		9DA41C2F2148ABB4001A3F45 = {
			isa = PBXGroup;
			children = (
				9DA41C3A2148ABB4001A3F45 /* TicTacToe */,
				A29B4672234F90770098D564 /* TicTacToeUITests */,
				A29B468723500B310098D564 /* TicTacToeTests */,
				9DA41C392148ABB4001A3F45 /* Products */,
			);
			sourceTree = "<group>";
		};
		9DA41C392148ABB4001A3F45 /* Products */ = {
			isa = PBXGroup;
			children = (
				9DA41C382148ABB4001A3F45 /* TicTacToe.app */,
				A29B4671234F90770098D564 /* TicTacToeUITests.xctest */,
				A29B468623500B310098D564 /* TicTacToeTests.xctest */,
			);
			name = Products;
			sourceTree = "<group>";
		};
		9DA41C3A2148ABB4001A3F45 /* TicTacToe */ = {
			isa = PBXGroup;
			children = (
				9DA41C3B2148ABB5001A3F45 /* AppDelegate.swift */,
				9DA41C5C2148AC00001A3F45 /* GameViewController.swift */,
				9DA41C702148DE1B001A3F45 /* BoardViewController.swift */,
				9DA41C602148AE13001A3F45 /* GameBoard.swift */,
				9DA41C662148B945001A3F45 /* GameAI.swift */,
				9DA41C4D2148ABCA001A3F45 /* Resources */,
			);
			path = TicTacToe;
			sourceTree = "<group>";
		};
		9DA41C4D2148ABCA001A3F45 /* Resources */ = {
			isa = PBXGroup;
			children = (
				9DA41C3F2148ABB5001A3F45 /* Main.storyboard */,
				9DA41C422148ABB5001A3F45 /* Assets.xcassets */,
				9DA41C442148ABB5001A3F45 /* LaunchScreen.storyboard */,
				9DA41C472148ABB5001A3F45 /* Info.plist */,
			);
			path = Resources;
			sourceTree = "<group>";
		};
		A29B4672234F90770098D564 /* TicTacToeUITests */ = {
			isa = PBXGroup;
			children = (
				A29B4673234F90770098D564 /* TicTacToeUITests.swift */,
				A29B4675234F90770098D564 /* Info.plist */,
			);
			path = TicTacToeUITests;
			sourceTree = "<group>";
		};
		A29B468723500B310098D564 /* TicTacToeTests */ = {
			isa = PBXGroup;
			children = (
				A29B468A23500B310098D564 /* Info.plist */,
				A29B469023500CD40098D564 /* GameBoardTests.swift */,
				A29B469223504C1E0098D564 /* GameAITests.swift */,
			);
			path = TicTacToeTests;
			sourceTree = "<group>";
		};
/* End PBXGroup section */

/* Begin PBXNativeTarget section */
		9DA41C372148ABB4001A3F45 /* TicTacToe */ = {
			isa = PBXNativeTarget;
			buildConfigurationList = 9DA41C4A2148ABB5001A3F45 /* Build configuration list for PBXNativeTarget "TicTacToe" */;
			buildPhases = (
				9DA41C342148ABB4001A3F45 /* Sources */,
				9DA41C352148ABB4001A3F45 /* Frameworks */,
				9DA41C362148ABB4001A3F45 /* Resources */,
			);
			buildRules = (
			);
			dependencies = (
			);
			name = TicTacToe;
			productName = TicTacToe;
			productReference = 9DA41C382148ABB4001A3F45 /* TicTacToe.app */;
			productType = "com.apple.product-type.application";
		};
		A29B4670234F90770098D564 /* TicTacToeUITests */ = {
			isa = PBXNativeTarget;
			buildConfigurationList = A29B467A234F90770098D564 /* Build configuration list for PBXNativeTarget "TicTacToeUITests" */;
			buildPhases = (
				A29B466D234F90770098D564 /* Sources */,
				A29B466E234F90770098D564 /* Frameworks */,
				A29B466F234F90770098D564 /* Resources */,
			);
			buildRules = (
			);
			dependencies = (
				A29B4677234F90770098D564 /* PBXTargetDependency */,
			);
			name = TicTacToeUITests;
			productName = TicTacToeUITests;
			productReference = A29B4671234F90770098D564 /* TicTacToeUITests.xctest */;
			productType = "com.apple.product-type.bundle.ui-testing";
		};
		A29B468523500B310098D564 /* TicTacToeTests */ = {
			isa = PBXNativeTarget;
			buildConfigurationList = A29B468D23500B310098D564 /* Build configuration list for PBXNativeTarget "TicTacToeTests" */;
			buildPhases = (
				A29B468223500B310098D564 /* Sources */,
				A29B468323500B310098D564 /* Frameworks */,
				A29B468423500B310098D564 /* Resources */,
			);
			buildRules = (
			);
			dependencies = (
				A29B468C23500B310098D564 /* PBXTargetDependency */,
			);
			name = TicTacToeTests;
			productName = TicTacToeTests;
			productReference = A29B468623500B310098D564 /* TicTacToeTests.xctest */;
			productType = "com.apple.product-type.bundle.unit-test";
		};
/* End PBXNativeTarget section */

/* Begin PBXProject section */
		9DA41C302148ABB4001A3F45 /* Project object */ = {
			isa = PBXProject;
			attributes = {
				LastSwiftUpdateCheck = 1100;
				LastUpgradeCheck = 0940;
				ORGANIZATIONNAME = "Lambda School";
				TargetAttributes = {
					9DA41C372148ABB4001A3F45 = {
						CreatedOnToolsVersion = 9.4.1;
					};
					A29B4670234F90770098D564 = {
						CreatedOnToolsVersion = 11.0;
						TestTargetID = 9DA41C372148ABB4001A3F45;
					};
					A29B468523500B310098D564 = {
						CreatedOnToolsVersion = 11.0;
						LastSwiftMigration = 1100;
						TestTargetID = 9DA41C372148ABB4001A3F45;
					};
				};
			};
			buildConfigurationList = 9DA41C332148ABB4001A3F45 /* Build configuration list for PBXProject "TicTacToe" */;
			compatibilityVersion = "Xcode 9.3";
			developmentRegion = en;
			hasScannedForEncodings = 0;
			knownRegions = (
				en,
				Base,
			);
			mainGroup = 9DA41C2F2148ABB4001A3F45;
			productRefGroup = 9DA41C392148ABB4001A3F45 /* Products */;
			projectDirPath = "";
			projectRoot = "";
			targets = (
				9DA41C372148ABB4001A3F45 /* TicTacToe */,
				A29B4670234F90770098D564 /* TicTacToeUITests */,
				A29B468523500B310098D564 /* TicTacToeTests */,
			);
		};
/* End PBXProject section */

/* Begin PBXResourcesBuildPhase section */
		9DA41C362148ABB4001A3F45 /* Resources */ = {
			isa = PBXResourcesBuildPhase;
			buildActionMask = 2147483647;
			files = (
				9DA41C462148ABB5001A3F45 /* LaunchScreen.storyboard in Resources */,
				9DA41C432148ABB5001A3F45 /* Assets.xcassets in Resources */,
				9DA41C412148ABB5001A3F45 /* Main.storyboard in Resources */,
			);
			runOnlyForDeploymentPostprocessing = 0;
		};
		A29B466F234F90770098D564 /* Resources */ = {
			isa = PBXResourcesBuildPhase;
			buildActionMask = 2147483647;
			files = (
			);
			runOnlyForDeploymentPostprocessing = 0;
		};
		A29B468423500B310098D564 /* Resources */ = {
			isa = PBXResourcesBuildPhase;
			buildActionMask = 2147483647;
			files = (
			);
			runOnlyForDeploymentPostprocessing = 0;
		};
/* End PBXResourcesBuildPhase section */

/* Begin PBXSourcesBuildPhase section */
		9DA41C342148ABB4001A3F45 /* Sources */ = {
			isa = PBXSourcesBuildPhase;
			buildActionMask = 2147483647;
			files = (
				9DA41C612148AE13001A3F45 /* GameBoard.swift in Sources */,
				9DA41C5D2148AC00001A3F45 /* GameViewController.swift in Sources */,
				9DA41C3C2148ABB5001A3F45 /* AppDelegate.swift in Sources */,
				9DA41C672148B945001A3F45 /* GameAI.swift in Sources */,
				9DA41C712148DE1B001A3F45 /* BoardViewController.swift in Sources */,
			);
			runOnlyForDeploymentPostprocessing = 0;
		};
		A29B466D234F90770098D564 /* Sources */ = {
			isa = PBXSourcesBuildPhase;
			buildActionMask = 2147483647;
			files = (
				A29B4674234F90770098D564 /* TicTacToeUITests.swift in Sources */,
			);
			runOnlyForDeploymentPostprocessing = 0;
		};
		A29B468223500B310098D564 /* Sources */ = {
			isa = PBXSourcesBuildPhase;
			buildActionMask = 2147483647;
			files = (
				A29B469123500CD40098D564 /* GameBoardTests.swift in Sources */,
				A29B469323504C1E0098D564 /* GameAITests.swift in Sources */,
			);
			runOnlyForDeploymentPostprocessing = 0;
		};
/* End PBXSourcesBuildPhase section */

/* Begin PBXTargetDependency section */
		A29B4677234F90770098D564 /* PBXTargetDependency */ = {
			isa = PBXTargetDependency;
			target = 9DA41C372148ABB4001A3F45 /* TicTacToe */;
			targetProxy = A29B4676234F90770098D564 /* PBXContainerItemProxy */;
		};
		A29B468C23500B310098D564 /* PBXTargetDependency */ = {
			isa = PBXTargetDependency;
			target = 9DA41C372148ABB4001A3F45 /* TicTacToe */;
			targetProxy = A29B468B23500B310098D564 /* PBXContainerItemProxy */;
		};
/* End PBXTargetDependency section */

/* Begin PBXVariantGroup section */
		9DA41C3F2148ABB5001A3F45 /* Main.storyboard */ = {
			isa = PBXVariantGroup;
			children = (
				9DA41C402148ABB5001A3F45 /* Base */,
			);
			name = Main.storyboard;
			sourceTree = "<group>";
		};
		9DA41C442148ABB5001A3F45 /* LaunchScreen.storyboard */ = {
			isa = PBXVariantGroup;
			children = (
				9DA41C452148ABB5001A3F45 /* Base */,
			);
			name = LaunchScreen.storyboard;
			sourceTree = "<group>";
		};
/* End PBXVariantGroup section */

/* Begin XCBuildConfiguration section */
		9DA41C482148ABB5001A3F45 /* Debug */ = {
			isa = XCBuildConfiguration;
			buildSettings = {
				ALWAYS_SEARCH_USER_PATHS = NO;
				CLANG_ANALYZER_NONNULL = YES;
				CLANG_ANALYZER_NUMBER_OBJECT_CONVERSION = YES_AGGRESSIVE;
				CLANG_CXX_LANGUAGE_STANDARD = "gnu++14";
				CLANG_CXX_LIBRARY = "libc++";
				CLANG_ENABLE_MODULES = YES;
				CLANG_ENABLE_OBJC_ARC = YES;
				CLANG_ENABLE_OBJC_WEAK = YES;
				CLANG_WARN_BLOCK_CAPTURE_AUTORELEASING = YES;
				CLANG_WARN_BOOL_CONVERSION = YES;
				CLANG_WARN_COMMA = YES;
				CLANG_WARN_CONSTANT_CONVERSION = YES;
				CLANG_WARN_DEPRECATED_OBJC_IMPLEMENTATIONS = YES;
				CLANG_WARN_DIRECT_OBJC_ISA_USAGE = YES_ERROR;
				CLANG_WARN_DOCUMENTATION_COMMENTS = YES;
				CLANG_WARN_EMPTY_BODY = YES;
				CLANG_WARN_ENUM_CONVERSION = YES;
				CLANG_WARN_INFINITE_RECURSION = YES;
				CLANG_WARN_INT_CONVERSION = YES;
				CLANG_WARN_NON_LITERAL_NULL_CONVERSION = YES;
				CLANG_WARN_OBJC_IMPLICIT_RETAIN_SELF = YES;
				CLANG_WARN_OBJC_LITERAL_CONVERSION = YES;
				CLANG_WARN_OBJC_ROOT_CLASS = YES_ERROR;
				CLANG_WARN_RANGE_LOOP_ANALYSIS = YES;
				CLANG_WARN_STRICT_PROTOTYPES = YES;
				CLANG_WARN_SUSPICIOUS_MOVE = YES;
				CLANG_WARN_UNGUARDED_AVAILABILITY = YES_AGGRESSIVE;
				CLANG_WARN_UNREACHABLE_CODE = YES;
				CLANG_WARN__DUPLICATE_METHOD_MATCH = YES;
				CODE_SIGN_IDENTITY = "iPhone Developer";
				COPY_PHASE_STRIP = NO;
				DEBUG_INFORMATION_FORMAT = dwarf;
				ENABLE_STRICT_OBJC_MSGSEND = YES;
				ENABLE_TESTABILITY = YES;
				GCC_C_LANGUAGE_STANDARD = gnu11;
				GCC_DYNAMIC_NO_PIC = NO;
				GCC_NO_COMMON_BLOCKS = YES;
				GCC_OPTIMIZATION_LEVEL = 0;
				GCC_PREPROCESSOR_DEFINITIONS = (
					"DEBUG=1",
					"$(inherited)",
				);
				GCC_WARN_64_TO_32_BIT_CONVERSION = YES;
				GCC_WARN_ABOUT_RETURN_TYPE = YES_ERROR;
				GCC_WARN_UNDECLARED_SELECTOR = YES;
				GCC_WARN_UNINITIALIZED_AUTOS = YES_AGGRESSIVE;
				GCC_WARN_UNUSED_FUNCTION = YES;
				GCC_WARN_UNUSED_VARIABLE = YES;
				IPHONEOS_DEPLOYMENT_TARGET = 11.4;
				MTL_ENABLE_DEBUG_INFO = YES;
				ONLY_ACTIVE_ARCH = YES;
				SDKROOT = iphoneos;
				SWIFT_ACTIVE_COMPILATION_CONDITIONS = DEBUG;
				SWIFT_OPTIMIZATION_LEVEL = "-Onone";
			};
			name = Debug;
		};
		9DA41C492148ABB5001A3F45 /* Release */ = {
			isa = XCBuildConfiguration;
			buildSettings = {
				ALWAYS_SEARCH_USER_PATHS = NO;
				CLANG_ANALYZER_NONNULL = YES;
				CLANG_ANALYZER_NUMBER_OBJECT_CONVERSION = YES_AGGRESSIVE;
				CLANG_CXX_LANGUAGE_STANDARD = "gnu++14";
				CLANG_CXX_LIBRARY = "libc++";
				CLANG_ENABLE_MODULES = YES;
				CLANG_ENABLE_OBJC_ARC = YES;
				CLANG_ENABLE_OBJC_WEAK = YES;
				CLANG_WARN_BLOCK_CAPTURE_AUTORELEASING = YES;
				CLANG_WARN_BOOL_CONVERSION = YES;
				CLANG_WARN_COMMA = YES;
				CLANG_WARN_CONSTANT_CONVERSION = YES;
				CLANG_WARN_DEPRECATED_OBJC_IMPLEMENTATIONS = YES;
				CLANG_WARN_DIRECT_OBJC_ISA_USAGE = YES_ERROR;
				CLANG_WARN_DOCUMENTATION_COMMENTS = YES;
				CLANG_WARN_EMPTY_BODY = YES;
				CLANG_WARN_ENUM_CONVERSION = YES;
				CLANG_WARN_INFINITE_RECURSION = YES;
				CLANG_WARN_INT_CONVERSION = YES;
				CLANG_WARN_NON_LITERAL_NULL_CONVERSION = YES;
				CLANG_WARN_OBJC_IMPLICIT_RETAIN_SELF = YES;
				CLANG_WARN_OBJC_LITERAL_CONVERSION = YES;
				CLANG_WARN_OBJC_ROOT_CLASS = YES_ERROR;
				CLANG_WARN_RANGE_LOOP_ANALYSIS = YES;
				CLANG_WARN_STRICT_PROTOTYPES = YES;
				CLANG_WARN_SUSPICIOUS_MOVE = YES;
				CLANG_WARN_UNGUARDED_AVAILABILITY = YES_AGGRESSIVE;
				CLANG_WARN_UNREACHABLE_CODE = YES;
				CLANG_WARN__DUPLICATE_METHOD_MATCH = YES;
				CODE_SIGN_IDENTITY = "iPhone Developer";
				COPY_PHASE_STRIP = NO;
				DEBUG_INFORMATION_FORMAT = "dwarf-with-dsym";
				ENABLE_NS_ASSERTIONS = NO;
				ENABLE_STRICT_OBJC_MSGSEND = YES;
				GCC_C_LANGUAGE_STANDARD = gnu11;
				GCC_NO_COMMON_BLOCKS = YES;
				GCC_WARN_64_TO_32_BIT_CONVERSION = YES;
				GCC_WARN_ABOUT_RETURN_TYPE = YES_ERROR;
				GCC_WARN_UNDECLARED_SELECTOR = YES;
				GCC_WARN_UNINITIALIZED_AUTOS = YES_AGGRESSIVE;
				GCC_WARN_UNUSED_FUNCTION = YES;
				GCC_WARN_UNUSED_VARIABLE = YES;
				IPHONEOS_DEPLOYMENT_TARGET = 11.4;
				MTL_ENABLE_DEBUG_INFO = NO;
				SDKROOT = iphoneos;
				SWIFT_COMPILATION_MODE = wholemodule;
				SWIFT_OPTIMIZATION_LEVEL = "-O";
				VALIDATE_PRODUCT = YES;
			};
			name = Release;
		};
		9DA41C4B2148ABB5001A3F45 /* Debug */ = {
			isa = XCBuildConfiguration;
			buildSettings = {
				ASSETCATALOG_COMPILER_APPICON_NAME = AppIcon;
				CODE_SIGN_STYLE = Automatic;
				DEVELOPMENT_TEAM = VXUQXR6S56;
				INFOPLIST_FILE = "$(SRCROOT)/TicTacToe/Resources/Info.plist";
				LD_RUNPATH_SEARCH_PATHS = (
					"$(inherited)",
					"@executable_path/Frameworks",
				);
				PRODUCT_BUNDLE_IDENTIFIER = com.lambdaschool.TicTacToe;
				PRODUCT_NAME = "$(TARGET_NAME)";
				SWIFT_VERSION = 4.0;
				TARGETED_DEVICE_FAMILY = "1,2";
			};
			name = Debug;
		};
		9DA41C4C2148ABB5001A3F45 /* Release */ = {
			isa = XCBuildConfiguration;
			buildSettings = {
				ASSETCATALOG_COMPILER_APPICON_NAME = AppIcon;
				CODE_SIGN_STYLE = Automatic;
				DEVELOPMENT_TEAM = VXUQXR6S56;
				INFOPLIST_FILE = "$(SRCROOT)/TicTacToe/Resources/Info.plist";
				LD_RUNPATH_SEARCH_PATHS = (
					"$(inherited)",
					"@executable_path/Frameworks",
				);
				PRODUCT_BUNDLE_IDENTIFIER = com.lambdaschool.TicTacToe;
				PRODUCT_NAME = "$(TARGET_NAME)";
				SWIFT_VERSION = 4.0;
				TARGETED_DEVICE_FAMILY = "1,2";
			};
			name = Release;
		};
		A29B4678234F90770098D564 /* Debug */ = {
			isa = XCBuildConfiguration;
			buildSettings = {
				CODE_SIGN_STYLE = Automatic;
				INFOPLIST_FILE = TicTacToeUITests/Info.plist;
				IPHONEOS_DEPLOYMENT_TARGET = 13.0;
				LD_RUNPATH_SEARCH_PATHS = (
					"$(inherited)",
					"@executable_path/Frameworks",
					"@loader_path/Frameworks",
				);
				MTL_ENABLE_DEBUG_INFO = INCLUDE_SOURCE;
				MTL_FAST_MATH = YES;
				PRODUCT_BUNDLE_IDENTIFIER = com.shillwil.TicTacToeUITests;
				PRODUCT_NAME = "$(TARGET_NAME)";
				SWIFT_VERSION = 5.0;
				TARGETED_DEVICE_FAMILY = "1,2";
				TEST_TARGET_NAME = TicTacToe;
			};
			name = Debug;
		};
		A29B4679234F90770098D564 /* Release */ = {
			isa = XCBuildConfiguration;
			buildSettings = {
				CODE_SIGN_STYLE = Automatic;
				INFOPLIST_FILE = TicTacToeUITests/Info.plist;
				IPHONEOS_DEPLOYMENT_TARGET = 13.0;
				LD_RUNPATH_SEARCH_PATHS = (
					"$(inherited)",
					"@executable_path/Frameworks",
					"@loader_path/Frameworks",
				);
				MTL_FAST_MATH = YES;
				PRODUCT_BUNDLE_IDENTIFIER = com.shillwil.TicTacToeUITests;
				PRODUCT_NAME = "$(TARGET_NAME)";
				SWIFT_VERSION = 5.0;
				TARGETED_DEVICE_FAMILY = "1,2";
				TEST_TARGET_NAME = TicTacToe;
			};
			name = Release;
		};
		A29B468E23500B310098D564 /* Debug */ = {
			isa = XCBuildConfiguration;
			buildSettings = {
				BUNDLE_LOADER = "$(TEST_HOST)";
				CLANG_ENABLE_MODULES = YES;
				CODE_SIGN_STYLE = Automatic;
				INFOPLIST_FILE = TicTacToeTests/Info.plist;
				IPHONEOS_DEPLOYMENT_TARGET = 13.0;
				LD_RUNPATH_SEARCH_PATHS = (
					"$(inherited)",
					"@executable_path/Frameworks",
					"@loader_path/Frameworks",
				);
				MTL_ENABLE_DEBUG_INFO = INCLUDE_SOURCE;
				MTL_FAST_MATH = YES;
				PRODUCT_BUNDLE_IDENTIFIER = com.shillwil.TicTacToeTests;
				PRODUCT_NAME = "$(TARGET_NAME)";
				SWIFT_OPTIMIZATION_LEVEL = "-Onone";
				SWIFT_VERSION = 5.0;
				TARGETED_DEVICE_FAMILY = "1,2";
				TEST_HOST = "$(BUILT_PRODUCTS_DIR)/TicTacToe.app/TicTacToe";
			};
			name = Debug;
		};
		A29B468F23500B310098D564 /* Release */ = {
			isa = XCBuildConfiguration;
			buildSettings = {
				BUNDLE_LOADER = "$(TEST_HOST)";
				CLANG_ENABLE_MODULES = YES;
				CODE_SIGN_STYLE = Automatic;
				INFOPLIST_FILE = TicTacToeTests/Info.plist;
				IPHONEOS_DEPLOYMENT_TARGET = 13.0;
				LD_RUNPATH_SEARCH_PATHS = (
					"$(inherited)",
					"@executable_path/Frameworks",
					"@loader_path/Frameworks",
				);
				MTL_FAST_MATH = YES;
				PRODUCT_BUNDLE_IDENTIFIER = com.shillwil.TicTacToeTests;
				PRODUCT_NAME = "$(TARGET_NAME)";
				SWIFT_VERSION = 5.0;
				TARGETED_DEVICE_FAMILY = "1,2";
				TEST_HOST = "$(BUILT_PRODUCTS_DIR)/TicTacToe.app/TicTacToe";
			};
			name = Release;
		};
/* End XCBuildConfiguration section */

/* Begin XCConfigurationList section */
		9DA41C332148ABB4001A3F45 /* Build configuration list for PBXProject "TicTacToe" */ = {
			isa = XCConfigurationList;
			buildConfigurations = (
				9DA41C482148ABB5001A3F45 /* Debug */,
				9DA41C492148ABB5001A3F45 /* Release */,
			);
			defaultConfigurationIsVisible = 0;
			defaultConfigurationName = Release;
		};
		9DA41C4A2148ABB5001A3F45 /* Build configuration list for PBXNativeTarget "TicTacToe" */ = {
			isa = XCConfigurationList;
			buildConfigurations = (
				9DA41C4B2148ABB5001A3F45 /* Debug */,
				9DA41C4C2148ABB5001A3F45 /* Release */,
			);
			defaultConfigurationIsVisible = 0;
			defaultConfigurationName = Release;
		};
		A29B467A234F90770098D564 /* Build configuration list for PBXNativeTarget "TicTacToeUITests" */ = {
			isa = XCConfigurationList;
			buildConfigurations = (
				A29B4678234F90770098D564 /* Debug */,
				A29B4679234F90770098D564 /* Release */,
			);
			defaultConfigurationIsVisible = 0;
			defaultConfigurationName = Release;
		};
		A29B468D23500B310098D564 /* Build configuration list for PBXNativeTarget "TicTacToeTests" */ = {
			isa = XCConfigurationList;
			buildConfigurations = (
				A29B468E23500B310098D564 /* Debug */,
				A29B468F23500B310098D564 /* Release */,
			);
			defaultConfigurationIsVisible = 0;
			defaultConfigurationName = Release;
		};
/* End XCConfigurationList section */
	};
	rootObject = 9DA41C302148ABB4001A3F45 /* Project object */;
}
